
Microsoft Visual Studio Solution File, Format Version 12.00
# Visual Studio Version 16
VisualStudioVersion = 16.0.33529.622
MinimumVisualStudioVersion = 10.0.40219.1
Project("{FAE04EC0-301F-11D3-BF4B-00C04F79EFBC}") = "prop_finder", "prop_finder.csproj", "{AB379BD1-1268-4BC6-8806-27E327C030F3}"
EndProject
Global
	GlobalSection(SolutionConfigurationPlatforms) = preSolution
		Debug|Any CPU = Debug|Any CPU
		Release|Any CPU = Release|Any CPU
	EndGlobalSection
	GlobalSection(ProjectConfigurationPlatforms) = postSolution
		{AB379BD1-1268-4BC6-8806-27E327C030F3}.Debug|Any CPU.ActiveCfg = Debug|Any CPU
		{AB379BD1-1268-4BC6-8806-27E327C030F3}.Debug|Any CPU.Build.0 = Debug|Any CPU
		{AB379BD1-1268-4BC6-8806-27E327C030F3}.Release|Any CPU.ActiveCfg = Release|Any CPU
		{AB379BD1-1268-4BC6-8806-27E327C030F3}.Release|Any CPU.Build.0 = Release|Any CPU
	EndGlobalSection
	GlobalSection(SolutionProperties) = preSolution
		HideSolutionNode = FALSE
	EndGlobalSection
	GlobalSection(ExtensibilityGlobals) = postSolution
		SolutionGuid = {8CC3CA61-94D3-4CE9-8337-BB26BADFA9BD}
	EndGlobalSection
EndGlobal
